
Microsoft Visual Studio Solution File, Format Version 11.00
# Visual C++ Express 2010
Project("{8BC9CEB8-8B4A-11D0-8D11-00A0C91BC942}") = "SPK", "SPK\SPK.vcxproj", "{31FF79B6-A17A-4069-B202-7C42DC58A3BE}"
EndProject
Project("{8BC9CEB8-8B4A-11D0-8D11-00A0C91BC942}") = "NorthwerstCorner", "NorthwerstCorner\NorthwerstCorner.vcxproj", "{F73BB0BE-B7D4-4A2D-B91D-AD3C47379573}"
EndProject
Global
	GlobalSection(SolutionConfigurationPlatforms) = preSolution
		Debug|Win32 = Debug|Win32
		Release|Win32 = Release|Win32
	EndGlobalSection
	GlobalSection(ProjectConfigurationPlatforms) = postSolution
		{31FF79B6-A17A-4069-B202-7C42DC58A3BE}.Debug|Win32.ActiveCfg = Debug|Win32
		{31FF79B6-A17A-4069-B202-7C42DC58A3BE}.Debug|Win32.Build.0 = Debug|Win32
		{31FF79B6-A17A-4069-B202-7C42DC58A3BE}.Release|Win32.ActiveCfg = Release|Win32
		{31FF79B6-A17A-4069-B202-7C42DC58A3BE}.Release|Win32.Build.0 = Release|Win32
		{F73BB0BE-B7D4-4A2D-B91D-AD3C47379573}.Debug|Win32.ActiveCfg = Debug|Win32
		{F73BB0BE-B7D4-4A2D-B91D-AD3C47379573}.Debug|Win32.Build.0 = Debug|Win32
		{F73BB0BE-B7D4-4A2D-B91D-AD3C47379573}.Release|Win32.ActiveCfg = Release|Win32
		{F73BB0BE-B7D4-4A2D-B91D-AD3C47379573}.Release|Win32.Build.0 = Release|Win32
	EndGlobalSection
	GlobalSection(SolutionProperties) = preSolution
		HideSolutionNode = FALSE
	EndGlobalSection
EndGlobal
